
Microsoft Visual Studio Solution File, Format Version 12.00
# Visual Studio Version 17
VisualStudioVersion = 17.5.33414.496
MinimumVisualStudioVersion = 10.0.40219.1
Project("{9A19103F-16F7-4668-BE54-9A1E7A4F7556}") = "Projeto_Viagens_ADO.NET", "Projeto_Viagens\Projeto_Viagens_ADO.NET.csproj", "{045407EE-A805-4EA7-921A-E9C240735991}"
EndProject
Global
	GlobalSection(SolutionConfigurationPlatforms) = preSolution
		Debug|Any CPU = Debug|Any CPU
		Release|Any CPU = Release|Any CPU
	EndGlobalSection
	GlobalSection(ProjectConfigurationPlatforms) = postSolution
		{045407EE-A805-4EA7-921A-E9C240735991}.Debug|Any CPU.ActiveCfg = Debug|Any CPU
		{045407EE-A805-4EA7-921A-E9C240735991}.Debug|Any CPU.Build.0 = Debug|Any CPU
		{045407EE-A805-4EA7-921A-E9C240735991}.Release|Any CPU.ActiveCfg = Release|Any CPU
		{045407EE-A805-4EA7-921A-E9C240735991}.Release|Any CPU.Build.0 = Release|Any CPU
	EndGlobalSection
	GlobalSection(SolutionProperties) = preSolution
		HideSolutionNode = FALSE
	EndGlobalSection
	GlobalSection(ExtensibilityGlobals) = postSolution
		SolutionGuid = {82F3F726-80A8-4D51-A620-F3F3BB59B3DD}
	EndGlobalSection
EndGlobal
